# THIS IS AN AUTOGENERATED FILE. DO NOT EDIT THIS FILE DIRECTLY.
# yarn lockfile v1


three@^0.169.0:
  version "0.169.0"
  resolved "https://registry.yarnpkg.com/three/-/three-0.169.0.tgz#4a62114988ad9728d73526d1f1de6760c56b4adc"
  integrity sha512-Ed906MA3dR4TS5riErd4QBsRGPcx+HBDX2O5yYE5GqJeFQTPU+M56Va/f/Oph9X7uZo3W3o4l2ZhBZ6f6qUv0w==
